{
  "name": "twitch-sentinel",
  "version": "1.0.0",
  "lockfileVersion": 3,
  "requires": true,
  "packages": {
    "": {
      "name": "twitch-sentinel",
      "version": "1.0.0",
      "license": "MIT",
      "dependencies": {
        "cassandra-driver": "^4.6.4",
        "tmi.js": "^1.8.5"
      }
    },
    "node_modules/@types/long": {
      "version": "4.0.2",
      "resolved": "https://registry.npmjs.org/@types/long/-/long-4.0.2.tgz",
      "integrity": "sha512-MqTGEo5bj5t157U6fA/BiDynNkn0YknVdh48CMPkTSpFTVmvao5UQmm7uEF6xBEo7qIMAlY/JSleYaE6VOdpaA=="
    },
    "node_modules/@types/node": {
      "version": "20.3.1",
      "resolved": "https://registry.npmjs.org/@types/node/-/node-20.3.1.tgz",
      "integrity": "sha512-EhcH/wvidPy1WeML3TtYFGR83UzjxeWRen9V402T8aUGYsCHOmfoisV3ZSg03gAFIbLq8TnWOJ0f4cALtnSEUg=="
    },
    "node_modules/adm-zip": {
      "version": "0.5.10",
      "resolved": "https://registry.npmjs.org/adm-zip/-/adm-zip-0.5.10.tgz",
      "integrity": "sha512-x0HvcHqVJNTPk/Bw8JbLWlWoo6Wwnsug0fnYYro1HBrjxZ3G7/AZk7Ahv8JwDe1uIcz8eBqvu86FuF1POiG7vQ==",
      "engines": {
        "node": ">=6.0"
      }
    },
    "node_modules/cassandra-driver": {
      "version": "4.6.4",
      "resolved": "https://registry.npmjs.org/cassandra-driver/-/cassandra-driver-4.6.4.tgz",
      "integrity": "sha512-SksbIK0cZ2QZRx8ti7w+PnLqldyY+6kU2gRWFChwXFTtrD/ce8cQICDEHxyPwx+DeILwRnMrPf9cjUGizYw9Vg==",
      "dependencies": {
        "@types/long": "^4.0.0",
        "@types/node": ">=8",
        "adm-zip": "^0.5.3",
        "long": "^2.2.0"
      },
      "engines": {
        "node": ">=8"
      }
    },
    "node_modules/long": {
      "version": "2.4.0",
      "resolved": "https://registry.npmjs.org/long/-/long-2.4.0.tgz",
      "integrity": "sha512-ijUtjmO/n2A5PaosNG9ZGDsQ3vxJg7ZW8vsY8Kp0f2yIZWhSJvjmegV7t+9RPQKxKrvj8yKGehhS+po14hPLGQ==",
      "engines": {
        "node": ">=0.6"
      }
    },
    "node_modules/node-fetch": {
      "version": "2.6.11",
      "resolved": "https://registry.npmjs.org/node-fetch/-/node-fetch-2.6.11.tgz",
      "integrity": "sha512-4I6pdBY1EthSqDmJkiNk3JIT8cswwR9nfeW/cPdUagJYEQG7R95WRH74wpz7ma8Gh/9dI9FP+OU+0E4FvtA55w==",
      "dependencies": {
        "whatwg-url": "^5.0.0"
      },
      "engines": {
        "node": "4.x || >=6.0.0"
      },
      "peerDependencies": {
        "encoding": "^0.1.0"
      },
      "peerDependenciesMeta": {
        "encoding": {
          "optional": true
        }
      }
    },
    "node_modules/tmi.js": {
      "version": "1.8.5",
      "resolved": "https://registry.npmjs.org/tmi.js/-/tmi.js-1.8.5.tgz",
      "integrity": "sha512-A9qrydfe1e0VWM9MViVhhxVgvLpnk7pFShVUWePsSTtoi+A1X+Zjdoa7OJd7/YsgHXGj3GkNEvnWop/1WwZuew==",
      "dependencies": {
        "node-fetch": "^2.6.1",
        "ws": "^8.2.0"
      },
      "engines": {
        "node": ">=10.0.0"
      }
    },
    "node_modules/tr46": {
      "version": "0.0.3",
      "resolved": "https://registry.npmjs.org/tr46/-/tr46-0.0.3.tgz",
      "integrity": "sha512-N3WMsuqV66lT30CrXNbEjx4GEwlow3v6rr4mCcv6prnfwhS01rkgyFdjPNBYd9br7LpXV1+Emh01fHnq2Gdgrw=="
    },
    "node_modules/webidl-conversions": {
      "version": "3.0.1",
      "resolved": "https://registry.npmjs.org/webidl-conversions/-/webidl-conversions-3.0.1.tgz",
      "integrity": "sha512-2JAn3z8AR6rjK8Sm8orRC0h/bcl/DqL7tRPdGZ4I1CjdF+EaMLmYxBHyXuKL849eucPFhvBoxMsflfOb8kxaeQ=="
    },
    "node_modules/whatwg-url": {
      "version": "5.0.0",
      "resolved": "https://registry.npmjs.org/whatwg-url/-/whatwg-url-5.0.0.tgz",
      "integrity": "sha512-saE57nupxk6v3HY35+jzBwYa0rKSy0XR8JSxZPwgLr7ys0IBzhGviA1/TUGJLmSVqs8pb9AnvICXEuOHLprYTw==",
      "dependencies": {
        "tr46": "~0.0.3",
        "webidl-conversions": "^3.0.0"
      }
    },
    "node_modules/ws": {
      "version": "8.13.0",
      "resolved": "https://registry.npmjs.org/ws/-/ws-8.13.0.tgz",
      "integrity": "sha512-x9vcZYTrFPC7aSIbj7sRCYo7L/Xb8Iy+pW0ng0wt2vCJv7M9HOMy0UoN3rr+IFC7hb7vXoqS+P9ktyLLLhO+LA==",
      "engines": {
        "node": ">=10.0.0"
      },
      "peerDependencies": {
        "bufferutil": "^4.0.1",
        "utf-8-validate": ">=5.0.2"
      },
      "peerDependenciesMeta": {
        "bufferutil": {
          "optional": true
        },
        "utf-8-validate": {
          "optional": true
        }
      }
    }
  }
}
